
Microsoft Visual Studio Solution File, Format Version 12.00
# Visual Studio Version 16
VisualStudioVersion = 16.0.30717.126
MinimumVisualStudioVersion = 10.0.40219.1
Project("{FAE04EC0-301F-11D3-BF4B-00C04F79EFBC}") = "ConsoleApp24", "ConsoleApp24\ConsoleApp24.csproj", "{33EB1BD7-757A-4472-B532-0E2750D7C5A1}"
EndProject
Global
	GlobalSection(SolutionConfigurationPlatforms) = preSolution
		Debug|Any CPU = Debug|Any CPU
		Release|Any CPU = Release|Any CPU
	EndGlobalSection
	GlobalSection(ProjectConfigurationPlatforms) = postSolution
		{33EB1BD7-757A-4472-B532-0E2750D7C5A1}.Debug|Any CPU.ActiveCfg = Debug|Any CPU
		{33EB1BD7-757A-4472-B532-0E2750D7C5A1}.Debug|Any CPU.Build.0 = Debug|Any CPU
		{33EB1BD7-757A-4472-B532-0E2750D7C5A1}.Release|Any CPU.ActiveCfg = Release|Any CPU
		{33EB1BD7-757A-4472-B532-0E2750D7C5A1}.Release|Any CPU.Build.0 = Release|Any CPU
	EndGlobalSection
	GlobalSection(SolutionProperties) = preSolution
		HideSolutionNode = FALSE
	EndGlobalSection
	GlobalSection(ExtensibilityGlobals) = postSolution
		SolutionGuid = {887AA496-1058-4C57-B6C9-0DE3E1963401}
	EndGlobalSection
EndGlobal
